
Microsoft Visual Studio Solution File, Format Version 12.00
# Visual Studio 2013
VisualStudioVersion = 12.0.21005.1
MinimumVisualStudioVersion = 10.0.40219.1
Project("{8BC9CEB8-8B4A-11D0-8D11-00A0C91BC942}") = "TLSRivLib", "TLSRivLib\TLSRivLib.vcxproj", "{693F9CB3-7D39-4665-AF2D-0017986A3FEE}"
EndProject
Global
	GlobalSection(SolutionConfigurationPlatforms) = preSolution
		Debug|Win32 = Debug|Win32
		Debug|x64 = Debug|x64
		DllDebug|Win32 = DllDebug|Win32
		DllDebug|x64 = DllDebug|x64
		DllDebugX64|Win32 = DllDebugX64|Win32
		DllDebugX64|x64 = DllDebugX64|x64
		Release|Win32 = Release|Win32
		Release|x64 = Release|x64
	EndGlobalSection
	GlobalSection(ProjectConfigurationPlatforms) = postSolution
		{693F9CB3-7D39-4665-AF2D-0017986A3FEE}.Debug|Win32.ActiveCfg = Debug|Win32
		{693F9CB3-7D39-4665-AF2D-0017986A3FEE}.Debug|Win32.Build.0 = Debug|Win32
		{693F9CB3-7D39-4665-AF2D-0017986A3FEE}.Debug|x64.ActiveCfg = Debug|x64
		{693F9CB3-7D39-4665-AF2D-0017986A3FEE}.Debug|x64.Build.0 = Debug|x64
		{693F9CB3-7D39-4665-AF2D-0017986A3FEE}.DllDebug|Win32.ActiveCfg = DllDebug|Win32
		{693F9CB3-7D39-4665-AF2D-0017986A3FEE}.DllDebug|Win32.Build.0 = DllDebug|Win32
		{693F9CB3-7D39-4665-AF2D-0017986A3FEE}.DllDebug|x64.ActiveCfg = DllDebug|x64
		{693F9CB3-7D39-4665-AF2D-0017986A3FEE}.DllDebug|x64.Build.0 = DllDebug|x64
		{693F9CB3-7D39-4665-AF2D-0017986A3FEE}.DllDebugX64|Win32.ActiveCfg = Test|x64
		{693F9CB3-7D39-4665-AF2D-0017986A3FEE}.DllDebugX64|Win32.Build.0 = Test|x64
		{693F9CB3-7D39-4665-AF2D-0017986A3FEE}.DllDebugX64|x64.ActiveCfg = DllDebugX64|x64
		{693F9CB3-7D39-4665-AF2D-0017986A3FEE}.DllDebugX64|x64.Build.0 = DllDebugX64|x64
		{693F9CB3-7D39-4665-AF2D-0017986A3FEE}.Release|Win32.ActiveCfg = Release|Win32
		{693F9CB3-7D39-4665-AF2D-0017986A3FEE}.Release|Win32.Build.0 = Release|Win32
		{693F9CB3-7D39-4665-AF2D-0017986A3FEE}.Release|x64.ActiveCfg = Release|x64
		{693F9CB3-7D39-4665-AF2D-0017986A3FEE}.Release|x64.Build.0 = Release|x64
	EndGlobalSection
	GlobalSection(SolutionProperties) = preSolution
		HideSolutionNode = FALSE
	EndGlobalSection
EndGlobal
